
Microsoft Visual Studio Solution File, Format Version 12.00
# Visual Studio 15
VisualStudioVersion = 15.0.28010.2003
MinimumVisualStudioVersion = 10.0.40219.1
Project("{FAE04EC0-301F-11D3-BF4B-00C04F79EFBC}") = "VRegistration", "VRegistration.csproj", "{0D7B89F9-6131-4236-A4B1-B2FD64F73388}"
EndProject
Global
	GlobalSection(SolutionConfigurationPlatforms) = preSolution
		Debug|Any CPU = Debug|Any CPU
		Release|Any CPU = Release|Any CPU
	EndGlobalSection
	GlobalSection(ProjectConfigurationPlatforms) = postSolution
		{0D7B89F9-6131-4236-A4B1-B2FD64F73388}.Debug|Any CPU.ActiveCfg = Debug|Any CPU
		{0D7B89F9-6131-4236-A4B1-B2FD64F73388}.Debug|Any CPU.Build.0 = Debug|Any CPU
		{0D7B89F9-6131-4236-A4B1-B2FD64F73388}.Release|Any CPU.ActiveCfg = Release|Any CPU
		{0D7B89F9-6131-4236-A4B1-B2FD64F73388}.Release|Any CPU.Build.0 = Release|Any CPU
	EndGlobalSection
	GlobalSection(SolutionProperties) = preSolution
		HideSolutionNode = FALSE
	EndGlobalSection
	GlobalSection(ExtensibilityGlobals) = postSolution
		SolutionGuid = {532EE9C9-BD42-4373-9075-E5DAF602ED38}
	EndGlobalSection
EndGlobal
